dependencies:
- name: rails-application
  repository: https://klausmeyer.github.io/helm-charts
  version: 0.2.1
- name: redis
  repository: https://groundhog2k.github.io/helm-charts
  version: 2.2.1
digest: sha256:94b66122f2d2bd2ff86f20650cfaead9b1030d2449a00099ce55c5ca92e1b902
generated: "2025-12-11T17:49:16.26435625Z"
