dependencies:
- name: rails-application
  repository: https://klausmeyer.github.io/helm-charts
  version: 0.1.0
- name: redis
  repository: https://groundhog2k.github.io/helm-charts
  version: 2.0.0
digest: sha256:fa970a73b573d2a8bea3ee56d89d7dc16d77f9be80e8669b915933205d3b410d
generated: "2025-05-06T16:23:25.491052152Z"
