dependencies:
- name: rails-application
  repository: https://klausmeyer.github.io/helm-charts
  version: 0.2.1
- name: redis
  repository: https://groundhog2k.github.io/helm-charts
  version: 2.3.2
digest: sha256:847dddebc8b0c06987e19965405fc9b6ec281c0522c19047cb27be4664d858e6
generated: "2026-03-25T10:09:03.963147235Z"
