dependencies:
- name: rails-application
  repository: https://klausmeyer.github.io/helm-charts
  version: 0.1.0
- name: redis
  repository: https://groundhog2k.github.io/helm-charts
  version: 2.0.2
digest: sha256:ba9e7c3bdb67dc7a59f67af57997651e347d8bc6ca36597c749febd610c1dadd
generated: "2025-05-31T13:39:40.052618838Z"
